
Microsoft Visual Studio Solution File, Format Version 12.00
# Visual Studio Version 16
VisualStudioVersion = 25.0.1706.9
MinimumVisualStudioVersion = 10.0.40219.1
Project("{FAE04EC0-301F-11D3-BF4B-00C04F79EFBC}") = "TP04KPL", "TP04KPL\TP04KPL.csproj", "{7E735FB3-A562-4D08-90C8-2B618970BA24}"
EndProject
Global
	GlobalSection(SolutionConfigurationPlatforms) = preSolution
		Debug|Any CPU = Debug|Any CPU
		Release|Any CPU = Release|Any CPU
	EndGlobalSection
	GlobalSection(ProjectConfigurationPlatforms) = postSolution
		{7E735FB3-A562-4D08-90C8-2B618970BA24}.Debug|Any CPU.ActiveCfg = Debug|Any CPU
		{7E735FB3-A562-4D08-90C8-2B618970BA24}.Debug|Any CPU.Build.0 = Debug|Any CPU
		{7E735FB3-A562-4D08-90C8-2B618970BA24}.Release|Any CPU.ActiveCfg = Release|Any CPU
		{7E735FB3-A562-4D08-90C8-2B618970BA24}.Release|Any CPU.Build.0 = Release|Any CPU
	EndGlobalSection
	GlobalSection(SolutionProperties) = preSolution
		HideSolutionNode = FALSE
	EndGlobalSection
	GlobalSection(ExtensibilityGlobals) = postSolution
		SolutionGuid = {A4FD61C5-1F4B-46BE-A1A6-5FB6BB27E05C}
	EndGlobalSection
EndGlobal
